<?xml version="1.0" encoding="utf-8"?>
<Project ToolsVersion="4.0" xmlns="http://schemas.microsoft.com/developer/msbuild/2003">
  <ItemGroup>
    <Filter Include="源文件">
      <UniqueIdentifier>{4FC737F1-C7A5-4376-A066-2A32D752A2FF}</UniqueIdentifier>
      <Extensions>cpp;c;cc;cxx;def;odl;idl;hpj;bat;asm;asmx</Extensions>
    </Filter>
    <Filter Include="头文件">
      <UniqueIdentifier>{93995380-89BD-4b04-88EB-625FBE52EBFB}</UniqueIdentifier>
      <Extensions>h;hh;hpp;hxx;hm;inl;inc;xsd</Extensions>
    </Filter>
    <Filter Include="资源文件">
      <UniqueIdentifier>{67DA6AB6-F800-4c08-8B7A-83BB121AAD01}</UniqueIdentifier>
      <Extensions>rc;ico;cur;bmp;dlg;rc2;rct;bin;rgs;gif;jpg;jpeg;jpe;resx;tiff;tif;png;wav;mfcribbon-ms</Extensions>
    </Filter>
    <Filter Include="share">
      <UniqueIdentifier>{c8e337ac-0a20-4143-9bea-31b9f37a0ac5}</UniqueIdentifier>
    </Filter>
  </ItemGroup>
  <ItemGroup>
    <Text Include="ReadMe.txt" />
  </ItemGroup>
  <ItemGroup>
    <ClInclude Include="stdafx.h">
      <Filter>头文件</Filter>
    </ClInclude>
    <ClInclude Include="targetver.h">
      <Filter>头文件</Filter>
    </ClInclude>
    <ClInclude Include="ISession.h">
      <Filter>头文件</Filter>
    </ClInclude>
    <ClInclude Include="CSessionMgr.h">
      <Filter>头文件</Filter>
    </ClInclude>
    <ClInclude Include="DefaultTaskFactory.h">
      <Filter>头文件</Filter>
    </ClInclude>
    <ClInclude Include="ITaskFactory.h">
      <Filter>头文件</Filter>
    </ClInclude>
    <ClInclude Include="ISocketEventDispatcher.h">
      <Filter>头文件</Filter>
    </ClInclude>
    <ClInclude Include="TcpSocketEventDispatcher.h">
      <Filter>头文件</Filter>
    </ClInclude>
    <ClInclude Include="IOBuffer.h">
      <Filter>头文件</Filter>
    </ClInclude>
    <ClInclude Include="IConnectionManager.h">
      <Filter>头文件</Filter>
    </ClInclude>
    <ClInclude Include="TcpConnectionManager.h">
      <Filter>头文件</Filter>
    </ClInclude>
    <ClInclude Include="IOCompletionPort.h">
      <Filter>头文件</Filter>
    </ClInclude>
    <ClInclude Include="IServerEvent.h">
      <Filter>头文件</Filter>
    </ClInclude>
    <ClInclude Include="ISocketEvent.h">
      <Filter>头文件</Filter>
    </ClInclude>
    <ClInclude Include="ISocketFactory.h">
      <Filter>头文件</Filter>
    </ClInclude>
    <ClInclude Include="TcpSocketFactory.h">
      <Filter>头文件</Filter>
    </ClInclude>
    <ClInclude Include="TcpSocketEventHandler.h">
      <Filter>头文件</Filter>
    </ClInclude>
    <ClInclude Include="Socket.h">
      <Filter>头文件</Filter>
    </ClInclude>
    <ClInclude Include="share\IOOperation.h">
      <Filter>share</Filter>
    </ClInclude>
    <ClInclude Include="share\Statistics.h">
      <Filter>share</Filter>
    </ClInclude>
    <ClInclude Include="share\WSAHelper.h">
      <Filter>share</Filter>
    </ClInclude>
    <ClInclude Include="..\Share\Singleton.h">
      <Filter>share</Filter>
    </ClInclude>
  </ItemGroup>
  <ItemGroup>
    <ClCompile Include="stdafx.cpp">
      <Filter>源文件</Filter>
    </ClCompile>
    <ClCompile Include="NetIOCP.cpp">
      <Filter>源文件</Filter>
    </ClCompile>
    <ClCompile Include="dllmain.cpp">
      <Filter>源文件</Filter>
    </ClCompile>
    <ClCompile Include="CSessionMgr.cpp">
      <Filter>源文件</Filter>
    </ClCompile>
    <ClCompile Include="DefaultTaskFactory.cpp">
      <Filter>源文件</Filter>
    </ClCompile>
    <ClCompile Include="TcpSocketEventDispatcher.cpp">
      <Filter>源文件</Filter>
    </ClCompile>
    <ClCompile Include="IOBuffer.cpp">
      <Filter>源文件</Filter>
    </ClCompile>
    <ClCompile Include="TcpConnectionManager.cpp">
      <Filter>源文件</Filter>
    </ClCompile>
    <ClCompile Include="IOCompletionPort.cpp">
      <Filter>源文件</Filter>
    </ClCompile>
    <ClCompile Include="TcpSocketFactory.cpp">
      <Filter>源文件</Filter>
    </ClCompile>
    <ClCompile Include="TcpSocketEventHandler.cpp">
      <Filter>源文件</Filter>
    </ClCompile>
    <ClCompile Include="Socket.cpp">
      <Filter>源文件</Filter>
    </ClCompile>
    <ClCompile Include="share\Statistics.cpp">
      <Filter>share</Filter>
    </ClCompile>
    <ClCompile Include="share\WSAHelper.cpp">
      <Filter>share</Filter>
    </ClCompile>
  </ItemGroup>
</Project>